
Microsoft Visual Studio Solution File, Format Version 12.00
Project("{2150E333-8FDC-42A3-9474-1A3956D46DE8}") = "2.Domain", "2.Domain", "{AE737803-E2CE-437E-ACA2-B53221B8820B}"
EndProject
Project("{2150E333-8FDC-42A3-9474-1A3956D46DE8}") = "1.App", "1.App", "{ED0D2F5B-E098-4C1C-883D-609363E49689}"
EndProject
Project("{FAE04EC0-301F-11D3-BF4B-00C04F79EFBC}") = "DbContexts", "2.Domain\DbContexts\DbContexts.csproj", "{926CEA7B-7FEC-4765-A462-C762A45D7E9A}"
EndProject
Project("{FAE04EC0-301F-11D3-BF4B-00C04F79EFBC}") = "Entities", "2.Domain\Entities\Entities.csproj", "{1863F947-7AFB-45D9-989D-C61DE6083C92}"
EndProject
Project("{FAE04EC0-301F-11D3-BF4B-00C04F79EFBC}") = "Main", "1.App\Main\Main.csproj", "{0D63FEC0-DEA7-470C-B28C-777C7DD1DD10}"
EndProject
Project("{2150E333-8FDC-42A3-9474-1A3956D46DE8}") = "3.Infrastructure", "3.Infrastructure", "{62D017E5-528E-4650-9577-D4274FB397B0}"
EndProject
Project("{FAE04EC0-301F-11D3-BF4B-00C04F79EFBC}") = "BaseExtensions", "3.Infrastructure\BaseExtensions\BaseExtensions.csproj", "{82301AEB-EBEA-4E69-8D41-65B5826FA09F}"
EndProject
Project("{FAE04EC0-301F-11D3-BF4B-00C04F79EFBC}") = "Phrases", "3.Infrastructure\Phrases\Phrases.csproj", "{17E7E116-1510-4EB4-9C61-A8B705A6F8D2}"
EndProject
Project("{FAE04EC0-301F-11D3-BF4B-00C04F79EFBC}") = "AppInitializer", "1.App\AppInitializer\AppInitializer.csproj", "{4E2CB596-5D71-4312-9284-AA4FB70B09EF}"
EndProject
Project("{FAE04EC0-301F-11D3-BF4B-00C04F79EFBC}") = "BaseComponents", "3.Infrastructure\BaseComponents\BaseComponents.csproj", "{B929E319-1B92-4A62-920A-F5D8DD20DEBB}"
EndProject
Project("{2150E333-8FDC-42A3-9474-1A3956D46DE8}") = "0.Tests", "0.Tests", "{6D78ED22-365C-472D-BA81-7AADB29DE111}"
EndProject
Project("{FAE04EC0-301F-11D3-BF4B-00C04F79EFBC}") = "DomainTests", "0.Tests\DomainTests\DomainTests.csproj", "{6D0978EB-3C32-47E0-840F-07A7808945F6}"
EndProject
Global
	GlobalSection(SolutionConfigurationPlatforms) = preSolution
		Debug|Any CPU = Debug|Any CPU
		Release|Any CPU = Release|Any CPU
	EndGlobalSection
	GlobalSection(ProjectConfigurationPlatforms) = postSolution
		{926CEA7B-7FEC-4765-A462-C762A45D7E9A}.Debug|Any CPU.ActiveCfg = Debug|Any CPU
		{926CEA7B-7FEC-4765-A462-C762A45D7E9A}.Debug|Any CPU.Build.0 = Debug|Any CPU
		{926CEA7B-7FEC-4765-A462-C762A45D7E9A}.Release|Any CPU.ActiveCfg = Release|Any CPU
		{926CEA7B-7FEC-4765-A462-C762A45D7E9A}.Release|Any CPU.Build.0 = Release|Any CPU
		{1863F947-7AFB-45D9-989D-C61DE6083C92}.Debug|Any CPU.ActiveCfg = Debug|Any CPU
		{1863F947-7AFB-45D9-989D-C61DE6083C92}.Debug|Any CPU.Build.0 = Debug|Any CPU
		{1863F947-7AFB-45D9-989D-C61DE6083C92}.Release|Any CPU.ActiveCfg = Release|Any CPU
		{1863F947-7AFB-45D9-989D-C61DE6083C92}.Release|Any CPU.Build.0 = Release|Any CPU
		{0D63FEC0-DEA7-470C-B28C-777C7DD1DD10}.Debug|Any CPU.ActiveCfg = Debug|Any CPU
		{0D63FEC0-DEA7-470C-B28C-777C7DD1DD10}.Debug|Any CPU.Build.0 = Debug|Any CPU
		{0D63FEC0-DEA7-470C-B28C-777C7DD1DD10}.Release|Any CPU.ActiveCfg = Release|Any CPU
		{0D63FEC0-DEA7-470C-B28C-777C7DD1DD10}.Release|Any CPU.Build.0 = Release|Any CPU
		{82301AEB-EBEA-4E69-8D41-65B5826FA09F}.Debug|Any CPU.ActiveCfg = Debug|Any CPU
		{82301AEB-EBEA-4E69-8D41-65B5826FA09F}.Debug|Any CPU.Build.0 = Debug|Any CPU
		{82301AEB-EBEA-4E69-8D41-65B5826FA09F}.Release|Any CPU.ActiveCfg = Release|Any CPU
		{82301AEB-EBEA-4E69-8D41-65B5826FA09F}.Release|Any CPU.Build.0 = Release|Any CPU
		{17E7E116-1510-4EB4-9C61-A8B705A6F8D2}.Debug|Any CPU.ActiveCfg = Debug|Any CPU
		{17E7E116-1510-4EB4-9C61-A8B705A6F8D2}.Debug|Any CPU.Build.0 = Debug|Any CPU
		{17E7E116-1510-4EB4-9C61-A8B705A6F8D2}.Release|Any CPU.ActiveCfg = Release|Any CPU
		{17E7E116-1510-4EB4-9C61-A8B705A6F8D2}.Release|Any CPU.Build.0 = Release|Any CPU
		{4E2CB596-5D71-4312-9284-AA4FB70B09EF}.Debug|Any CPU.ActiveCfg = Debug|Any CPU
		{4E2CB596-5D71-4312-9284-AA4FB70B09EF}.Debug|Any CPU.Build.0 = Debug|Any CPU
		{4E2CB596-5D71-4312-9284-AA4FB70B09EF}.Release|Any CPU.ActiveCfg = Release|Any CPU
		{4E2CB596-5D71-4312-9284-AA4FB70B09EF}.Release|Any CPU.Build.0 = Release|Any CPU
		{B929E319-1B92-4A62-920A-F5D8DD20DEBB}.Debug|Any CPU.ActiveCfg = Debug|Any CPU
		{B929E319-1B92-4A62-920A-F5D8DD20DEBB}.Debug|Any CPU.Build.0 = Debug|Any CPU
		{B929E319-1B92-4A62-920A-F5D8DD20DEBB}.Release|Any CPU.ActiveCfg = Release|Any CPU
		{B929E319-1B92-4A62-920A-F5D8DD20DEBB}.Release|Any CPU.Build.0 = Release|Any CPU
		{6D0978EB-3C32-47E0-840F-07A7808945F6}.Debug|Any CPU.ActiveCfg = Debug|Any CPU
		{6D0978EB-3C32-47E0-840F-07A7808945F6}.Debug|Any CPU.Build.0 = Debug|Any CPU
		{6D0978EB-3C32-47E0-840F-07A7808945F6}.Release|Any CPU.ActiveCfg = Release|Any CPU
		{6D0978EB-3C32-47E0-840F-07A7808945F6}.Release|Any CPU.Build.0 = Release|Any CPU
	EndGlobalSection
	GlobalSection(NestedProjects) = preSolution
		{926CEA7B-7FEC-4765-A462-C762A45D7E9A} = {AE737803-E2CE-437E-ACA2-B53221B8820B}
		{1863F947-7AFB-45D9-989D-C61DE6083C92} = {AE737803-E2CE-437E-ACA2-B53221B8820B}
		{0D63FEC0-DEA7-470C-B28C-777C7DD1DD10} = {ED0D2F5B-E098-4C1C-883D-609363E49689}
		{82301AEB-EBEA-4E69-8D41-65B5826FA09F} = {62D017E5-528E-4650-9577-D4274FB397B0}
		{17E7E116-1510-4EB4-9C61-A8B705A6F8D2} = {62D017E5-528E-4650-9577-D4274FB397B0}
		{4E2CB596-5D71-4312-9284-AA4FB70B09EF} = {ED0D2F5B-E098-4C1C-883D-609363E49689}
		{B929E319-1B92-4A62-920A-F5D8DD20DEBB} = {62D017E5-528E-4650-9577-D4274FB397B0}
		{6D0978EB-3C32-47E0-840F-07A7808945F6} = {6D78ED22-365C-472D-BA81-7AADB29DE111}
	EndGlobalSection
EndGlobal
